
Microsoft Visual Studio Solution File, Format Version 12.00
# Visual Studio Version 17
VisualStudioVersion = 17.0.32112.339
MinimumVisualStudioVersion = 10.0.40219.1
Project("{FAE04EC0-301F-11D3-BF4B-00C04F79EFBC}") = "Wagon", "Wagon.csproj", "{A98863A7-4E69-4E18-8813-B5D09CB81A53}"
EndProject
Global
	GlobalSection(SolutionConfigurationPlatforms) = preSolution
		Debug|Any CPU = Debug|Any CPU
		Release|Any CPU = Release|Any CPU
	EndGlobalSection
	GlobalSection(ProjectConfigurationPlatforms) = postSolution
		{A98863A7-4E69-4E18-8813-B5D09CB81A53}.Debug|Any CPU.ActiveCfg = Debug|Any CPU
		{A98863A7-4E69-4E18-8813-B5D09CB81A53}.Debug|Any CPU.Build.0 = Debug|Any CPU
		{A98863A7-4E69-4E18-8813-B5D09CB81A53}.Release|Any CPU.ActiveCfg = Release|Any CPU
		{A98863A7-4E69-4E18-8813-B5D09CB81A53}.Release|Any CPU.Build.0 = Release|Any CPU
	EndGlobalSection
	GlobalSection(SolutionProperties) = preSolution
		HideSolutionNode = FALSE
	EndGlobalSection
	GlobalSection(ExtensibilityGlobals) = postSolution
		SolutionGuid = {6DD45C93-2D28-4035-A262-84A5BC492226}
	EndGlobalSection
EndGlobal
